PODS:
  - Alamofire (5.10.2)
  - Kingfisher (8.3.2)

DEPENDENCIES:
  - Alamofire
  - Kingfisher

SPEC REPOS:
  trunk:
    - Alamofire
    - Kingfisher

SPEC CHECKSUMS:
  Alamofire: 7193b3b92c74a07f85569e1a6c4f4237291e7496
  Kingfisher: 0621d0ac0c78fecb19f6dc5303bde2b52abaf2f5

PODFILE CHECKSUM: e57ece287c0a19f4382af344c6a8775bee3fd81b

COCOAPODS: 1.16.2
